
Microsoft Visual Studio Solution File, Format Version 9.00
# Visual Studio 2005
Project("{FAE04EC0-301F-11D3-BF4B-00C04F79EFBC}") = "Runfile Editor", "Runfile Editor\Runfile Editor.csproj", "{B5A0B8BA-F2E3-40C1-A5BF-B5676746CAA4}"
EndProject
Project("{FAE04EC0-301F-11D3-BF4B-00C04F79EFBC}") = "errorForm", "..\errorForm\errorForm\errorForm.csproj", "{C8CD7CFD-06D9-4332-920B-19010E8AF7E0}"
EndProject
Project("{2150E333-8FDC-42A3-9474-1A3956D46DE8}") = "Solution Items", "Solution Items", "{5A43955B-2057-4A68-A8F8-524E160FA502}"
	ProjectSection(SolutionItems) = preProject
		XmlUtilities.cs = XmlUtilities.cs
	EndProjectSection
EndProject
Global
	GlobalSection(SubversionScc) = preSolution
		Svn-Managed = True
		Manager = AnkhSVN - Subversion Support for Visual Studio
	EndGlobalSection
	GlobalSection(SolutionConfigurationPlatforms) = preSolution
		Debug|Any CPU = Debug|Any CPU
		Release|Any CPU = Release|Any CPU
	EndGlobalSection
	GlobalSection(ProjectConfigurationPlatforms) = postSolution
		{B5A0B8BA-F2E3-40C1-A5BF-B5676746CAA4}.Debug|Any CPU.ActiveCfg = Debug|Any CPU
		{B5A0B8BA-F2E3-40C1-A5BF-B5676746CAA4}.Debug|Any CPU.Build.0 = Debug|Any CPU
		{B5A0B8BA-F2E3-40C1-A5BF-B5676746CAA4}.Release|Any CPU.ActiveCfg = Release|Any CPU
		{B5A0B8BA-F2E3-40C1-A5BF-B5676746CAA4}.Release|Any CPU.Build.0 = Release|Any CPU
		{C8CD7CFD-06D9-4332-920B-19010E8AF7E0}.Debug|Any CPU.ActiveCfg = Debug|Any CPU
		{C8CD7CFD-06D9-4332-920B-19010E8AF7E0}.Debug|Any CPU.Build.0 = Debug|Any CPU
		{C8CD7CFD-06D9-4332-920B-19010E8AF7E0}.Release|Any CPU.ActiveCfg = Release|Any CPU
		{C8CD7CFD-06D9-4332-920B-19010E8AF7E0}.Release|Any CPU.Build.0 = Release|Any CPU
	EndGlobalSection
	GlobalSection(SolutionProperties) = preSolution
		HideSolutionNode = FALSE
	EndGlobalSection
EndGlobal
