Microsoft Visual Studio Solution File, Format Version 8.00
Project("{FAE04EC0-301F-11D3-BF4B-00C04F79EFBC}") = "MultiViewer", "MultiViewer.csproj", "{A1206BE4-3CA8-463B-83F7-C76247984899}"
	ProjectSection(ProjectDependencies) = postProject
	EndProjectSection
EndProject
Project("{FAE04EC0-301F-11D3-BF4B-00C04F79EFBC}") = "EarLabSharedLibrary", "..\EarLabSharedLibrary\EarLabSharedLibrary.csproj", "{D98D9527-F643-41E4-AC47-382A56FE00FB}"
	ProjectSection(ProjectDependencies) = postProject
	EndProjectSection
EndProject
Project("{FAE04EC0-301F-11D3-BF4B-00C04F79EFBC}") = "DataViewer", "..\DataViewer\DataViewer\DataViewer.csproj", "{1EB8A954-690E-4340-ADBE-D788C520369B}"
	ProjectSection(ProjectDependencies) = postProject
	EndProjectSection
EndProject
Global
	GlobalSection(SolutionConfiguration) = preSolution
		Debug = Debug
		Release = Release
	EndGlobalSection
	GlobalSection(ProjectConfiguration) = postSolution
		{A1206BE4-3CA8-463B-83F7-C76247984899}.Debug.ActiveCfg = Debug|.NET
		{A1206BE4-3CA8-463B-83F7-C76247984899}.Debug.Build.0 = Debug|.NET
		{A1206BE4-3CA8-463B-83F7-C76247984899}.Release.ActiveCfg = Release|.NET
		{A1206BE4-3CA8-463B-83F7-C76247984899}.Release.Build.0 = Release|.NET
		{D98D9527-F643-41E4-AC47-382A56FE00FB}.Debug.ActiveCfg = Debug|.NET
		{D98D9527-F643-41E4-AC47-382A56FE00FB}.Debug.Build.0 = Debug|.NET
		{D98D9527-F643-41E4-AC47-382A56FE00FB}.Release.ActiveCfg = Release|.NET
		{D98D9527-F643-41E4-AC47-382A56FE00FB}.Release.Build.0 = Release|.NET
		{1EB8A954-690E-4340-ADBE-D788C520369B}.Debug.ActiveCfg = Debug|.NET
		{1EB8A954-690E-4340-ADBE-D788C520369B}.Debug.Build.0 = Debug|.NET
		{1EB8A954-690E-4340-ADBE-D788C520369B}.Release.ActiveCfg = Release|.NET
		{1EB8A954-690E-4340-ADBE-D788C520369B}.Release.Build.0 = Release|.NET
	EndGlobalSection
	GlobalSection(ExtensibilityGlobals) = postSolution
	EndGlobalSection
	GlobalSection(ExtensibilityAddIns) = postSolution
	EndGlobalSection
EndGlobal
