Microsoft Visual Studio Solution File, Format Version 9.00
# Visual Studio 2005
Project("{FAE04EC0-301F-11D3-BF4B-00C04F79EFBC}") = "DataViewer", "DataViewer.csproj", "{1EB8A954-690E-4340-ADBE-D788C520369B}"
EndProject
Project("{FAE04EC0-301F-11D3-BF4B-00C04F79EFBC}") = "EarLabSharedLibrary", "..\EarLabSharedLibrary\EarLabSharedLibrary.csproj", "{D98D9527-F643-41E4-AC47-382A56FE00FB}"
EndProject
Project("{54435603-DBB4-11D2-8724-00A0C9A8B90C}") = "DataViewerInstaller", "..\DataViewerInstaller\DataViewerInstaller.vdproj", "{A0D04BE0-F51E-45D0-9902-AFBCC87285B0}"
EndProject
Global
	GlobalSection(SolutionConfigurationPlatforms) = preSolution
		Debug|Any CPU = Debug|Any CPU
		Release|Any CPU = Release|Any CPU
	EndGlobalSection
	GlobalSection(ProjectConfigurationPlatforms) = postSolution
		{1EB8A954-690E-4340-ADBE-D788C520369B}.Debug|Any CPU.ActiveCfg = Debug|Any CPU
		{1EB8A954-690E-4340-ADBE-D788C520369B}.Debug|Any CPU.Build.0 = Debug|Any CPU
		{1EB8A954-690E-4340-ADBE-D788C520369B}.Release|Any CPU.ActiveCfg = Release|Any CPU
		{1EB8A954-690E-4340-ADBE-D788C520369B}.Release|Any CPU.Build.0 = Release|Any CPU
		{D98D9527-F643-41E4-AC47-382A56FE00FB}.Debug|Any CPU.ActiveCfg = Debug|Any CPU
		{D98D9527-F643-41E4-AC47-382A56FE00FB}.Debug|Any CPU.Build.0 = Debug|Any CPU
		{D98D9527-F643-41E4-AC47-382A56FE00FB}.Release|Any CPU.ActiveCfg = Release|Any CPU
		{D98D9527-F643-41E4-AC47-382A56FE00FB}.Release|Any CPU.Build.0 = Release|Any CPU
		{A0D04BE0-F51E-45D0-9902-AFBCC87285B0}.Debug|Any CPU.ActiveCfg = Debug
		{A0D04BE0-F51E-45D0-9902-AFBCC87285B0}.Release|Any CPU.ActiveCfg = Release
		{A0D04BE0-F51E-45D0-9902-AFBCC87285B0}.Release|Any CPU.Build.0 = Release
	EndGlobalSection
	GlobalSection(SolutionProperties) = preSolution
		HideSolutionNode = FALSE
	EndGlobalSection
EndGlobal
